
Microsoft Visual Studio Solution File, Format Version 12.00
# Visual Studio Version 16
VisualStudioVersion = 16.0.31729.503
MinimumVisualStudioVersion = 10.0.40219.1
Project("{FAE04EC0-301F-11D3-BF4B-00C04F79EFBC}") = "Lab4.1", "Lab4.1\Lab4.1.csproj", "{84F1C216-71FE-4BA0-8898-EA476562261D}"
EndProject
Global
	GlobalSection(SolutionConfigurationPlatforms) = preSolution
		Debug|Any CPU = Debug|Any CPU
		Release|Any CPU = Release|Any CPU
	EndGlobalSection
	GlobalSection(ProjectConfigurationPlatforms) = postSolution
		{84F1C216-71FE-4BA0-8898-EA476562261D}.Debug|Any CPU.ActiveCfg = Debug|Any CPU
		{84F1C216-71FE-4BA0-8898-EA476562261D}.Debug|Any CPU.Build.0 = Debug|Any CPU
		{84F1C216-71FE-4BA0-8898-EA476562261D}.Release|Any CPU.ActiveCfg = Release|Any CPU
		{84F1C216-71FE-4BA0-8898-EA476562261D}.Release|Any CPU.Build.0 = Release|Any CPU
	EndGlobalSection
	GlobalSection(SolutionProperties) = preSolution
		HideSolutionNode = FALSE
	EndGlobalSection
	GlobalSection(ExtensibilityGlobals) = postSolution
		SolutionGuid = {EED67E44-C123-46B3-9A1B-1F2C36BCD478}
	EndGlobalSection
EndGlobal
