
Microsoft Visual Studio Solution File, Format Version 12.00
# Visual Studio Version 16
VisualStudioVersion = 16.0.31729.503
MinimumVisualStudioVersion = 10.0.40219.1
Project("{FAE04EC0-301F-11D3-BF4B-00C04F79EFBC}") = "Lab9.1(2)", "Lab9.1(2)\Lab9.1(2).csproj", "{0BF20C04-6367-490C-A60A-9227A781042D}"
EndProject
Global
	GlobalSection(SolutionConfigurationPlatforms) = preSolution
		Debug|Any CPU = Debug|Any CPU
		Release|Any CPU = Release|Any CPU
	EndGlobalSection
	GlobalSection(ProjectConfigurationPlatforms) = postSolution
		{0BF20C04-6367-490C-A60A-9227A781042D}.Debug|Any CPU.ActiveCfg = Debug|Any CPU
		{0BF20C04-6367-490C-A60A-9227A781042D}.Debug|Any CPU.Build.0 = Debug|Any CPU
		{0BF20C04-6367-490C-A60A-9227A781042D}.Release|Any CPU.ActiveCfg = Release|Any CPU
		{0BF20C04-6367-490C-A60A-9227A781042D}.Release|Any CPU.Build.0 = Release|Any CPU
	EndGlobalSection
	GlobalSection(SolutionProperties) = preSolution
		HideSolutionNode = FALSE
	EndGlobalSection
	GlobalSection(ExtensibilityGlobals) = postSolution
		SolutionGuid = {34485A1E-1DBA-4B02-A52B-BFF049BB1A8C}
	EndGlobalSection
EndGlobal
