
Microsoft Visual Studio Solution File, Format Version 12.00
# Visual Studio Version 16
VisualStudioVersion = 16.0.31729.503
MinimumVisualStudioVersion = 10.0.40219.1
Project("{FAE04EC0-301F-11D3-BF4B-00C04F79EFBC}") = "Lab7.1(2)", "Lab7.1(2)\Lab7.1(2).csproj", "{ACC1183E-B8CC-46AE-99E0-B2EFBCCCA884}"
EndProject
Global
	GlobalSection(SolutionConfigurationPlatforms) = preSolution
		Debug|Any CPU = Debug|Any CPU
		Release|Any CPU = Release|Any CPU
	EndGlobalSection
	GlobalSection(ProjectConfigurationPlatforms) = postSolution
		{ACC1183E-B8CC-46AE-99E0-B2EFBCCCA884}.Debug|Any CPU.ActiveCfg = Debug|Any CPU
		{ACC1183E-B8CC-46AE-99E0-B2EFBCCCA884}.Debug|Any CPU.Build.0 = Debug|Any CPU
		{ACC1183E-B8CC-46AE-99E0-B2EFBCCCA884}.Release|Any CPU.ActiveCfg = Release|Any CPU
		{ACC1183E-B8CC-46AE-99E0-B2EFBCCCA884}.Release|Any CPU.Build.0 = Release|Any CPU
	EndGlobalSection
	GlobalSection(SolutionProperties) = preSolution
		HideSolutionNode = FALSE
	EndGlobalSection
	GlobalSection(ExtensibilityGlobals) = postSolution
		SolutionGuid = {91FF1C01-4E83-46B0-87DB-C2C5FEEA4F08}
	EndGlobalSection
EndGlobal
