
Microsoft Visual Studio Solution File, Format Version 12.00
# Visual Studio Version 16
VisualStudioVersion = 16.0.31729.503
MinimumVisualStudioVersion = 10.0.40219.1
Project("{FAE04EC0-301F-11D3-BF4B-00C04F79EFBC}") = "Lab5", "Lab5\Lab5.csproj", "{13646CD3-9648-492F-A83D-92014DFE3AFB}"
EndProject
Global
	GlobalSection(SolutionConfigurationPlatforms) = preSolution
		Debug|Any CPU = Debug|Any CPU
		Release|Any CPU = Release|Any CPU
	EndGlobalSection
	GlobalSection(ProjectConfigurationPlatforms) = postSolution
		{13646CD3-9648-492F-A83D-92014DFE3AFB}.Debug|Any CPU.ActiveCfg = Debug|Any CPU
		{13646CD3-9648-492F-A83D-92014DFE3AFB}.Debug|Any CPU.Build.0 = Debug|Any CPU
		{13646CD3-9648-492F-A83D-92014DFE3AFB}.Release|Any CPU.ActiveCfg = Release|Any CPU
		{13646CD3-9648-492F-A83D-92014DFE3AFB}.Release|Any CPU.Build.0 = Release|Any CPU
	EndGlobalSection
	GlobalSection(SolutionProperties) = preSolution
		HideSolutionNode = FALSE
	EndGlobalSection
	GlobalSection(ExtensibilityGlobals) = postSolution
		SolutionGuid = {CFADE3BC-7CCE-4AD3-B8F5-2DCEA55D825D}
	EndGlobalSection
EndGlobal
